
Microsoft Visual Studio Solution File, Format Version 12.00
# Visual Studio 15
VisualStudioVersion = 15.0.28307.1267
MinimumVisualStudioVersion = 10.0.40219.1
Project("{FAE04EC0-301F-11D3-BF4B-00C04F79EFBC}") = "MasGlobal.HandsOnTest", "MasGlobal.HandsOnTest\MasGlobal.HandsOnTest.csproj", "{474C34D5-C6D2-44A3-90AF-9341EBF277E3}"
EndProject
Global
	GlobalSection(SolutionConfigurationPlatforms) = preSolution
		Debug|Any CPU = Debug|Any CPU
		Release|Any CPU = Release|Any CPU
	EndGlobalSection
	GlobalSection(ProjectConfigurationPlatforms) = postSolution
		{474C34D5-C6D2-44A3-90AF-9341EBF277E3}.Debug|Any CPU.ActiveCfg = Debug|Any CPU
		{474C34D5-C6D2-44A3-90AF-9341EBF277E3}.Debug|Any CPU.Build.0 = Debug|Any CPU
		{474C34D5-C6D2-44A3-90AF-9341EBF277E3}.Release|Any CPU.ActiveCfg = Release|Any CPU
		{474C34D5-C6D2-44A3-90AF-9341EBF277E3}.Release|Any CPU.Build.0 = Release|Any CPU
	EndGlobalSection
	GlobalSection(SolutionProperties) = preSolution
		HideSolutionNode = FALSE
	EndGlobalSection
	GlobalSection(ExtensibilityGlobals) = postSolution
		SolutionGuid = {2B8E0375-CAAB-45EB-AFA6-6AC8CC334F60}
	EndGlobalSection
EndGlobal
